
Microsoft Visual Studio Solution File, Format Version 12.00
# Visual Studio Version 17
VisualStudioVersion = 17.2.32526.322
MinimumVisualStudioVersion = 10.0.40219.1
Project("{9A19103F-16F7-4668-BE54-9A1E7A4F7556}") = "QuotesTest", "QuotesTest.csproj", "{08AB9A27-B561-486B-8BD6-07A6948BFAC6}"
EndProject
Project("{9A19103F-16F7-4668-BE54-9A1E7A4F7556}") = "Quotes", "..\QuotesWebAPI\Quotes.csproj", "{0DCC422A-581E-4A79-B354-728FB7BA8471}"
EndProject
Global
	GlobalSection(SolutionConfigurationPlatforms) = preSolution
		Debug|Any CPU = Debug|Any CPU
		Release|Any CPU = Release|Any CPU
	EndGlobalSection
	GlobalSection(ProjectConfigurationPlatforms) = postSolution
		{08AB9A27-B561-486B-8BD6-07A6948BFAC6}.Debug|Any CPU.ActiveCfg = Debug|Any CPU
		{08AB9A27-B561-486B-8BD6-07A6948BFAC6}.Debug|Any CPU.Build.0 = Debug|Any CPU
		{08AB9A27-B561-486B-8BD6-07A6948BFAC6}.Release|Any CPU.ActiveCfg = Release|Any CPU
		{08AB9A27-B561-486B-8BD6-07A6948BFAC6}.Release|Any CPU.Build.0 = Release|Any CPU
		{0DCC422A-581E-4A79-B354-728FB7BA8471}.Debug|Any CPU.ActiveCfg = Debug|Any CPU
		{0DCC422A-581E-4A79-B354-728FB7BA8471}.Debug|Any CPU.Build.0 = Debug|Any CPU
		{0DCC422A-581E-4A79-B354-728FB7BA8471}.Release|Any CPU.ActiveCfg = Release|Any CPU
		{0DCC422A-581E-4A79-B354-728FB7BA8471}.Release|Any CPU.Build.0 = Release|Any CPU
	EndGlobalSection
	GlobalSection(SolutionProperties) = preSolution
		HideSolutionNode = FALSE
	EndGlobalSection
	GlobalSection(ExtensibilityGlobals) = postSolution
		SolutionGuid = {C4CBB454-FE3E-4DCC-8247-AB687DD49032}
	EndGlobalSection
EndGlobal
